
Microsoft Visual Studio Solution File, Format Version 12.00
# Visual Studio Version 17
VisualStudioVersion = 17.0.31903.59
MinimumVisualStudioVersion = 10.0.40219.1
Project("{FAE04EC0-301F-11D3-BF4B-00C04F79EFBC}") = "ChangeString", "ChangeString\ChangeString.csproj", "{48710442-AB6B-4DC0-AFB5-A0D186C5726F}"
EndProject
Project("{FAE04EC0-301F-11D3-BF4B-00C04F79EFBC}") = "ArraySums", "ArraySums\ArraySums.csproj", "{F11181AF-7B71-400B-A374-794940A84BB2}"
EndProject
Project("{FAE04EC0-301F-11D3-BF4B-00C04F79EFBC}") = "PlayerPerks", "PlayerPerks\PlayerPerks.csproj", "{BD796E68-1352-42C3-A7F7-42F019CA0D19}"
EndProject
Project("{FAE04EC0-301F-11D3-BF4B-00C04F79EFBC}") = "GitBranching", "GitBranching\GitBranching.csproj", "{8F664309-EDC5-495F-864C-85F00EA7DF71}"
EndProject
Project("{FAE04EC0-301F-11D3-BF4B-00C04F79EFBC}") = "PlayerPowers", "PlayerPowers\PlayerPowers.csproj", "{701F7586-AE9B-4D8F-9075-DFF42A709DB3}"
EndProject
Global
	GlobalSection(SolutionConfigurationPlatforms) = preSolution
		Debug|Any CPU = Debug|Any CPU
		Release|Any CPU = Release|Any CPU
	EndGlobalSection
	GlobalSection(SolutionProperties) = preSolution
		HideSolutionNode = FALSE
	EndGlobalSection
	GlobalSection(ProjectConfigurationPlatforms) = postSolution
		{48710442-AB6B-4DC0-AFB5-A0D186C5726F}.Debug|Any CPU.ActiveCfg = Debug|Any CPU
		{48710442-AB6B-4DC0-AFB5-A0D186C5726F}.Debug|Any CPU.Build.0 = Debug|Any CPU
		{48710442-AB6B-4DC0-AFB5-A0D186C5726F}.Release|Any CPU.ActiveCfg = Release|Any CPU
		{48710442-AB6B-4DC0-AFB5-A0D186C5726F}.Release|Any CPU.Build.0 = Release|Any CPU
		{F11181AF-7B71-400B-A374-794940A84BB2}.Debug|Any CPU.ActiveCfg = Debug|Any CPU
		{F11181AF-7B71-400B-A374-794940A84BB2}.Debug|Any CPU.Build.0 = Debug|Any CPU
		{F11181AF-7B71-400B-A374-794940A84BB2}.Release|Any CPU.ActiveCfg = Release|Any CPU
		{F11181AF-7B71-400B-A374-794940A84BB2}.Release|Any CPU.Build.0 = Release|Any CPU
		{BD796E68-1352-42C3-A7F7-42F019CA0D19}.Debug|Any CPU.ActiveCfg = Debug|Any CPU
		{BD796E68-1352-42C3-A7F7-42F019CA0D19}.Debug|Any CPU.Build.0 = Debug|Any CPU
		{BD796E68-1352-42C3-A7F7-42F019CA0D19}.Release|Any CPU.ActiveCfg = Release|Any CPU
		{BD796E68-1352-42C3-A7F7-42F019CA0D19}.Release|Any CPU.Build.0 = Release|Any CPU
		{8F664309-EDC5-495F-864C-85F00EA7DF71}.Debug|Any CPU.ActiveCfg = Debug|Any CPU
		{8F664309-EDC5-495F-864C-85F00EA7DF71}.Debug|Any CPU.Build.0 = Debug|Any CPU
		{8F664309-EDC5-495F-864C-85F00EA7DF71}.Release|Any CPU.ActiveCfg = Release|Any CPU
		{8F664309-EDC5-495F-864C-85F00EA7DF71}.Release|Any CPU.Build.0 = Release|Any CPU
		{701F7586-AE9B-4D8F-9075-DFF42A709DB3}.Debug|Any CPU.ActiveCfg = Debug|Any CPU
		{701F7586-AE9B-4D8F-9075-DFF42A709DB3}.Debug|Any CPU.Build.0 = Debug|Any CPU
		{701F7586-AE9B-4D8F-9075-DFF42A709DB3}.Release|Any CPU.ActiveCfg = Release|Any CPU
		{701F7586-AE9B-4D8F-9075-DFF42A709DB3}.Release|Any CPU.Build.0 = Release|Any CPU
	EndGlobalSection
EndGlobal
